
Microsoft Visual Studio Solution File, Format Version 12.00
# Visual Studio Version 17
VisualStudioVersion = 17.5.002.0
MinimumVisualStudioVersion = 10.0.40219.1
Project("{9A19103F-16F7-4668-BE54-9A1E7A4F7556}") = "c#", "c#.csproj", "{2D9A3C8A-72F9-4C8E-BFDB-0CE362799CB9}"
EndProject
Global
	GlobalSection(SolutionConfigurationPlatforms) = preSolution
		Debug|Any CPU = Debug|Any CPU
		Release|Any CPU = Release|Any CPU
	EndGlobalSection
	GlobalSection(ProjectConfigurationPlatforms) = postSolution
		{2D9A3C8A-72F9-4C8E-BFDB-0CE362799CB9}.Debug|Any CPU.ActiveCfg = Debug|Any CPU
		{2D9A3C8A-72F9-4C8E-BFDB-0CE362799CB9}.Debug|Any CPU.Build.0 = Debug|Any CPU
		{2D9A3C8A-72F9-4C8E-BFDB-0CE362799CB9}.Release|Any CPU.ActiveCfg = Release|Any CPU
		{2D9A3C8A-72F9-4C8E-BFDB-0CE362799CB9}.Release|Any CPU.Build.0 = Release|Any CPU
	EndGlobalSection
	GlobalSection(SolutionProperties) = preSolution
		HideSolutionNode = FALSE
	EndGlobalSection
	GlobalSection(ExtensibilityGlobals) = postSolution
		SolutionGuid = {F7CC813B-3659-4FBF-9BC8-ADA91A24D17A}
	EndGlobalSection
EndGlobal
